
Microsoft Visual Studio Solution File, Format Version 12.00
# Visual Studio Version 17
VisualStudioVersion = 17.14.36202.13 d17.14
MinimumVisualStudioVersion = 10.0.40219.1
Project("{FAE04EC0-301F-11D3-BF4B-00C04F79EFBC}") = "Lesson08", "Lesson08.csproj", "{21D03A6E-F95A-445A-9174-84CE441B1CCF}"
EndProject
Global
	GlobalSection(SolutionConfigurationPlatforms) = preSolution
		Debug|Any CPU = Debug|Any CPU
		Release|Any CPU = Release|Any CPU
	EndGlobalSection
	GlobalSection(ProjectConfigurationPlatforms) = postSolution
		{21D03A6E-F95A-445A-9174-84CE441B1CCF}.Debug|Any CPU.ActiveCfg = Debug|Any CPU
		{21D03A6E-F95A-445A-9174-84CE441B1CCF}.Debug|Any CPU.Build.0 = Debug|Any CPU
		{21D03A6E-F95A-445A-9174-84CE441B1CCF}.Release|Any CPU.ActiveCfg = Release|Any CPU
		{21D03A6E-F95A-445A-9174-84CE441B1CCF}.Release|Any CPU.Build.0 = Release|Any CPU
	EndGlobalSection
	GlobalSection(SolutionProperties) = preSolution
		HideSolutionNode = FALSE
	EndGlobalSection
	GlobalSection(ExtensibilityGlobals) = postSolution
		SolutionGuid = {01431030-1FE9-4780-B06E-E7CA4E1514EA}
	EndGlobalSection
EndGlobal
